
Microsoft Visual Studio Solution File, Format Version 12.00
Project("{2150E333-8FDC-42A3-9474-1A3956D46DE8}") = "PL", "PL", "{28926A28-3399-42F9-93AD-9ECD772B2D43}"
EndProject
Project("{FAE04EC0-301F-11D3-BF4B-00C04F79EFBC}") = "PL.Bot", "PL.Bot\PL.Bot.csproj", "{1C1FC018-8735-4620-A31F-1E7E1972C447}"
EndProject
Project("{FAE04EC0-301F-11D3-BF4B-00C04F79EFBC}") = "PL.Telegram.Bot", "PL.Telegram.Bot\PL.Telegram.Bot.csproj", "{0F469B4E-8030-4E46-9573-B772C76FA985}"
EndProject
Project("{FAE04EC0-301F-11D3-BF4B-00C04F79EFBC}") = "BotTest", "BotTest\BotTest.csproj", "{BDE7B47C-16AF-4B43-ACD6-68C17F037AD0}"
EndProject
Project("{FAE04EC0-301F-11D3-BF4B-00C04F79EFBC}") = "ChatGPTTest", "ChatGPTTest\ChatGPTTest.csproj", "{8E52F4B0-EC31-4632-A606-E565E3C1CB96}"
EndProject
Global
	GlobalSection(SolutionConfigurationPlatforms) = preSolution
		Debug|Any CPU = Debug|Any CPU
		Release|Any CPU = Release|Any CPU
	EndGlobalSection
	GlobalSection(NestedProjects) = preSolution
		{1C1FC018-8735-4620-A31F-1E7E1972C447} = {28926A28-3399-42F9-93AD-9ECD772B2D43}
		{0F469B4E-8030-4E46-9573-B772C76FA985} = {28926A28-3399-42F9-93AD-9ECD772B2D43}
		{BDE7B47C-16AF-4B43-ACD6-68C17F037AD0} = {28926A28-3399-42F9-93AD-9ECD772B2D43}
		{8E52F4B0-EC31-4632-A606-E565E3C1CB96} = {28926A28-3399-42F9-93AD-9ECD772B2D43}
	EndGlobalSection
	GlobalSection(ProjectConfigurationPlatforms) = postSolution
		{1C1FC018-8735-4620-A31F-1E7E1972C447}.Debug|Any CPU.ActiveCfg = Debug|Any CPU
		{1C1FC018-8735-4620-A31F-1E7E1972C447}.Debug|Any CPU.Build.0 = Debug|Any CPU
		{1C1FC018-8735-4620-A31F-1E7E1972C447}.Release|Any CPU.ActiveCfg = Release|Any CPU
		{1C1FC018-8735-4620-A31F-1E7E1972C447}.Release|Any CPU.Build.0 = Release|Any CPU
		{0F469B4E-8030-4E46-9573-B772C76FA985}.Debug|Any CPU.ActiveCfg = Debug|Any CPU
		{0F469B4E-8030-4E46-9573-B772C76FA985}.Debug|Any CPU.Build.0 = Debug|Any CPU
		{0F469B4E-8030-4E46-9573-B772C76FA985}.Release|Any CPU.ActiveCfg = Release|Any CPU
		{0F469B4E-8030-4E46-9573-B772C76FA985}.Release|Any CPU.Build.0 = Release|Any CPU
		{BDE7B47C-16AF-4B43-ACD6-68C17F037AD0}.Debug|Any CPU.ActiveCfg = Debug|Any CPU
		{BDE7B47C-16AF-4B43-ACD6-68C17F037AD0}.Debug|Any CPU.Build.0 = Debug|Any CPU
		{BDE7B47C-16AF-4B43-ACD6-68C17F037AD0}.Release|Any CPU.ActiveCfg = Release|Any CPU
		{BDE7B47C-16AF-4B43-ACD6-68C17F037AD0}.Release|Any CPU.Build.0 = Release|Any CPU
		{8E52F4B0-EC31-4632-A606-E565E3C1CB96}.Debug|Any CPU.ActiveCfg = Debug|Any CPU
		{8E52F4B0-EC31-4632-A606-E565E3C1CB96}.Debug|Any CPU.Build.0 = Debug|Any CPU
		{8E52F4B0-EC31-4632-A606-E565E3C1CB96}.Release|Any CPU.ActiveCfg = Release|Any CPU
		{8E52F4B0-EC31-4632-A606-E565E3C1CB96}.Release|Any CPU.Build.0 = Release|Any CPU
	EndGlobalSection
EndGlobal
